// !$*UTF8*$!
{
	archiveVersion = 1;
	classes = {
	};
	objectVersion = 50;
	objects = {

/* Begin PBXBuildFile section */
		0381400120D0F6DD0085EEBF /* ZSMenuCustomFlowLayout.m in Sources */ = {isa = PBXBuildFile; fileRef = 03813FF920D0F6DD0085EEBF /* ZSMenuCustomFlowLayout.m */; };
		0381400220D0F6DD0085EEBF /* ZSMenuView.m in Sources */ = {isa = PBXBuildFile; fileRef = 03813FFE20D0F6DD0085EEBF /* ZSMenuView.m */; };
		0381400320D0F6DD0085EEBF /* ZSMenuCustomCell.m in Sources */ = {isa = PBXBuildFile; fileRef = 03813FFF20D0F6DD0085EEBF /* ZSMenuCustomCell.m */; };
		0381400420D0F6DD0085EEBF /* ZSMenuNormalStyleCell.m in Sources */ = {isa = PBXBuildFile; fileRef = 0381400020D0F6DD0085EEBF /* ZSMenuNormalStyleCell.m */; };
		03AAF32920CE6238006B0DE7 /* AppDelegate.m in Sources */ = {isa = PBXBuildFile; fileRef = 03AAF32820CE6238006B0DE7 /* AppDelegate.m */; };
		03AAF32C20CE6238006B0DE7 /* ViewController.m in Sources */ = {isa = PBXBuildFile; fileRef = 03AAF32B20CE6238006B0DE7 /* ViewController.m */; };
		03AAF32F20CE6238006B0DE7 /* Main.storyboard in Resources */ = {isa = PBXBuildFile; fileRef = 03AAF32D20CE6238006B0DE7 /* Main.storyboard */; };
		03AAF33120CE623A006B0DE7 /* Assets.xcassets in Resources */ = {isa = PBXBuildFile; fileRef = 03AAF33020CE623A006B0DE7 /* Assets.xcassets */; };
		03AAF33420CE623A006B0DE7 /* LaunchScreen.storyboard in Resources */ = {isa = PBXBuildFile; fileRef = 03AAF33220CE623A006B0DE7 /* LaunchScreen.storyboard */; };
		03AAF33720CE623A006B0DE7 /* main.m in Sources */ = {isa = PBXBuildFile; fileRef = 03AAF33620CE623A006B0DE7 /* main.m */; };
/* End PBXBuildFile section */

/* Begin PBXFileReference section */
		03813FF820D0F6DD0085EEBF /* ZSMenuView.h */ = {isa = PBXFileReference; fileEncoding = 4; lastKnownFileType = sourcecode.c.h; path = ZSMenuView.h; sourceTree = "<group>"; };
		03813FF920D0F6DD0085EEBF /* ZSMenuCustomFlowLayout.m */ = {isa = PBXFileReference; fileEncoding = 4; lastKnownFileType = sourcecode.c.objc; path = ZSMenuCustomFlowLayout.m; sourceTree = "<group>"; };
		03813FFA20D0F6DD0085EEBF /* ZSMenuViewConfig.h */ = {isa = PBXFileReference; fileEncoding = 4; lastKnownFileType = sourcecode.c.h; path = ZSMenuViewConfig.h; sourceTree = "<group>"; };
		03813FFB20D0F6DD0085EEBF /* ZSMenuCustomCell.h */ = {isa = PBXFileReference; fileEncoding = 4; lastKnownFileType = sourcecode.c.h; path = ZSMenuCustomCell.h; sourceTree = "<group>"; };
		03813FFC20D0F6DD0085EEBF /* ZSMenuNormalStyleCell.h */ = {isa = PBXFileReference; fileEncoding = 4; lastKnownFileType = sourcecode.c.h; path = ZSMenuNormalStyleCell.h; sourceTree = "<group>"; };
		03813FFD20D0F6DD0085EEBF /* ZSMenuCustomFlowLayout.h */ = {isa = PBXFileReference; fileEncoding = 4; lastKnownFileType = sourcecode.c.h; path = ZSMenuCustomFlowLayout.h; sourceTree = "<group>"; };
		03813FFE20D0F6DD0085EEBF /* ZSMenuView.m */ = {isa = PBXFileReference; fileEncoding = 4; lastKnownFileType = sourcecode.c.objc; path = ZSMenuView.m; sourceTree = "<group>"; };
		03813FFF20D0F6DD0085EEBF /* ZSMenuCustomCell.m */ = {isa = PBXFileReference; fileEncoding = 4; lastKnownFileType = sourcecode.c.objc; path = ZSMenuCustomCell.m; sourceTree = "<group>"; };
		0381400020D0F6DD0085EEBF /* ZSMenuNormalStyleCell.m */ = {isa = PBXFileReference; fileEncoding = 4; lastKnownFileType = sourcecode.c.objc; path = ZSMenuNormalStyleCell.m; sourceTree = "<group>"; };
		03AAF32420CE6238006B0DE7 /* ZSMenuView-master.app */ = {isa = PBXFileReference; explicitFileType = wrapper.application; includeInIndex = 0; path = "ZSMenuView-master.app"; sourceTree = BUILT_PRODUCTS_DIR; };
		03AAF32720CE6238006B0DE7 /* AppDelegate.h */ = {isa = PBXFileReference; lastKnownFileType = sourcecode.c.h; path = AppDelegate.h; sourceTree = "<group>"; };
		03AAF32820CE6238006B0DE7 /* AppDelegate.m */ = {isa = PBXFileReference; lastKnownFileType = sourcecode.c.objc; path = AppDelegate.m; sourceTree = "<group>"; };
		03AAF32A20CE6238006B0DE7 /* ViewController.h */ = {isa = PBXFileReference; lastKnownFileType = sourcecode.c.h; path = ViewController.h; sourceTree = "<group>"; };
		03AAF32B20CE6238006B0DE7 /* ViewController.m */ = {isa = PBXFileReference; lastKnownFileType = sourcecode.c.objc; path = ViewController.m; sourceTree = "<group>"; };
		03AAF32E20CE6238006B0DE7 /* Base */ = {isa = PBXFileReference; lastKnownFileType = file.storyboard; name = Base; path = Base.lproj/Main.storyboard; sourceTree = "<group>"; };
		03AAF33020CE623A006B0DE7 /* Assets.xcassets */ = {isa = PBXFileReference; lastKnownFileType = folder.assetcatalog; path = Assets.xcassets; sourceTree = "<group>"; };
		03AAF33320CE623A006B0DE7 /* Base */ = {isa = PBXFileReference; lastKnownFileType = file.storyboard; name = Base; path = Base.lproj/LaunchScreen.storyboard; sourceTree = "<group>"; };
		03AAF33520CE623A006B0DE7 /* Info.plist */ = {isa = PBXFileReference; lastKnownFileType = text.plist.xml; path = Info.plist; sourceTree = "<group>"; };
		03AAF33620CE623A006B0DE7 /* main.m */ = {isa = PBXFileReference; lastKnownFileType = sourcecode.c.objc; path = main.m; sourceTree = "<group>"; };
/* End PBXFileReference section */

/* Begin PBXFrameworksBuildPhase section */
		03AAF32120CE6238006B0DE7 /* Frameworks */ = {
			isa = PBXFrameworksBuildPhase;
			buildActionMask = 2147483647;
			files = (
			);
			runOnlyForDeploymentPostprocessing = 0;
		};
/* End PBXFrameworksBuildPhase section */

/* Begin PBXGroup section */
		03813FF720D0F6DD0085EEBF /* Source */ = {
			isa = PBXGroup;
			children = (
				03813FFB20D0F6DD0085EEBF /* ZSMenuCustomCell.h */,
				03813FFF20D0F6DD0085EEBF /* ZSMenuCustomCell.m */,
				03813FFD20D0F6DD0085EEBF /* ZSMenuCustomFlowLayout.h */,
				03813FF920D0F6DD0085EEBF /* ZSMenuCustomFlowLayout.m */,
				03813FFC20D0F6DD0085EEBF /* ZSMenuNormalStyleCell.h */,
				0381400020D0F6DD0085EEBF /* ZSMenuNormalStyleCell.m */,
				03813FF820D0F6DD0085EEBF /* ZSMenuView.h */,
				03813FFE20D0F6DD0085EEBF /* ZSMenuView.m */,
				03813FFA20D0F6DD0085EEBF /* ZSMenuViewConfig.h */,
			);
			name = Source;
			path = ../Source;
			sourceTree = "<group>";
		};
		03AAF31B20CE6238006B0DE7 = {
			isa = PBXGroup;
			children = (
				03813FF720D0F6DD0085EEBF /* Source */,
				03AAF32620CE6238006B0DE7 /* ZSMenuView-master */,
				03AAF32520CE6238006B0DE7 /* Products */,
			);
			sourceTree = "<group>";
		};
		03AAF32520CE6238006B0DE7 /* Products */ = {
			isa = PBXGroup;
			children = (
				03AAF32420CE6238006B0DE7 /* ZSMenuView-master.app */,
			);
			name = Products;
			sourceTree = "<group>";
		};
		03AAF32620CE6238006B0DE7 /* ZSMenuView-master */ = {
			isa = PBXGroup;
			children = (
				03AAF32720CE6238006B0DE7 /* AppDelegate.h */,
				03AAF32820CE6238006B0DE7 /* AppDelegate.m */,
				03AAF32A20CE6238006B0DE7 /* ViewController.h */,
				03AAF32B20CE6238006B0DE7 /* ViewController.m */,
				03AAF32D20CE6238006B0DE7 /* Main.storyboard */,
				03AAF33020CE623A006B0DE7 /* Assets.xcassets */,
				03AAF33220CE623A006B0DE7 /* LaunchScreen.storyboard */,
				03AAF33520CE623A006B0DE7 /* Info.plist */,
				03AAF33620CE623A006B0DE7 /* main.m */,
			);
			path = "ZSMenuView-master";
			sourceTree = "<group>";
		};
/* End PBXGroup section */

/* Begin PBXNativeTarget section */
		03AAF32320CE6238006B0DE7 /* ZSMenuView-master */ = {
			isa = PBXNativeTarget;
			buildConfigurationList = 03AAF33A20CE623A006B0DE7 /* Build configuration list for PBXNativeTarget "ZSMenuView-master" */;
			buildPhases = (
				03AAF32020CE6238006B0DE7 /* Sources */,
				03AAF32120CE6238006B0DE7 /* Frameworks */,
				03AAF32220CE6238006B0DE7 /* Resources */,
			);
			buildRules = (
			);
			dependencies = (
			);
			name = "ZSMenuView-master";
			productName = "ZSMenuView-master";
			productReference = 03AAF32420CE6238006B0DE7 /* ZSMenuView-master.app */;
			productType = "com.apple.product-type.application";
		};
/* End PBXNativeTarget section */

/* Begin PBXProject section */
		03AAF31C20CE6238006B0DE7 /* Project object */ = {
			isa = PBXProject;
			attributes = {
				LastUpgradeCheck = 0930;
				ORGANIZATIONNAME = safiri;
				TargetAttributes = {
					03AAF32320CE6238006B0DE7 = {
						CreatedOnToolsVersion = 9.3;
					};
				};
			};
			buildConfigurationList = 03AAF31F20CE6238006B0DE7 /* Build configuration list for PBXProject "ZSMenuView-master" */;
			compatibilityVersion = "Xcode 9.3";
			developmentRegion = en;
			hasScannedForEncodings = 0;
			knownRegions = (
				en,
				Base,
			);
			mainGroup = 03AAF31B20CE6238006B0DE7;
			productRefGroup = 03AAF32520CE6238006B0DE7 /* Products */;
			projectDirPath = "";
			projectRoot = "";
			targets = (
				03AAF32320CE6238006B0DE7 /* ZSMenuView-master */,
			);
		};
/* End PBXProject section */

/* Begin PBXResourcesBuildPhase section */
		03AAF32220CE6238006B0DE7 /* Resources */ = {
			isa = PBXResourcesBuildPhase;
			buildActionMask = 2147483647;
			files = (
				03AAF33420CE623A006B0DE7 /* LaunchScreen.storyboard in Resources */,
				03AAF33120CE623A006B0DE7 /* Assets.xcassets in Resources */,
				03AAF32F20CE6238006B0DE7 /* Main.storyboard in Resources */,
			);
			runOnlyForDeploymentPostprocessing = 0;
		};
/* End PBXResourcesBuildPhase section */

/* Begin PBXSourcesBuildPhase section */
		03AAF32020CE6238006B0DE7 /* Sources */ = {
			isa = PBXSourcesBuildPhase;
			buildActionMask = 2147483647;
			files = (
				0381400220D0F6DD0085EEBF /* ZSMenuView.m in Sources */,
				03AAF32C20CE6238006B0DE7 /* ViewController.m in Sources */,
				0381400420D0F6DD0085EEBF /* ZSMenuNormalStyleCell.m in Sources */,
				03AAF33720CE623A006B0DE7 /* main.m in Sources */,
				0381400120D0F6DD0085EEBF /* ZSMenuCustomFlowLayout.m in Sources */,
				0381400320D0F6DD0085EEBF /* ZSMenuCustomCell.m in Sources */,
				03AAF32920CE6238006B0DE7 /* AppDelegate.m in Sources */,
			);
			runOnlyForDeploymentPostprocessing = 0;
		};
/* End PBXSourcesBuildPhase section */

/* Begin PBXVariantGroup section */
		03AAF32D20CE6238006B0DE7 /* Main.storyboard */ = {
			isa = PBXVariantGroup;
			children = (
				03AAF32E20CE6238006B0DE7 /* Base */,
			);
			name = Main.storyboard;
			sourceTree = "<group>";
		};
		03AAF33220CE623A006B0DE7 /* LaunchScreen.storyboard */ = {
			isa = PBXVariantGroup;
			children = (
				03AAF33320CE623A006B0DE7 /* Base */,
			);
			name = LaunchScreen.storyboard;
			sourceTree = "<group>";
		};
/* End PBXVariantGroup section */

/* Begin XCBuildConfiguration section */
		03AAF33820CE623A006B0DE7 /* Debug */ = {
			isa = XCBuildConfiguration;
			buildSettings = {
				ALWAYS_SEARCH_USER_PATHS = NO;
				CLANG_ANALYZER_NONNULL = YES;
				CLANG_ANALYZER_NUMBER_OBJECT_CONVERSION = YES_AGGRESSIVE;
				CLANG_CXX_LANGUAGE_STANDARD = "gnu++14";
				CLANG_CXX_LIBRARY = "libc++";
				CLANG_ENABLE_MODULES = YES;
				CLANG_ENABLE_OBJC_ARC = YES;
				CLANG_ENABLE_OBJC_WEAK = YES;
				CLANG_WARN_BLOCK_CAPTURE_AUTORELEASING = YES;
				CLANG_WARN_BOOL_CONVERSION = YES;
				CLANG_WARN_COMMA = YES;
				CLANG_WARN_CONSTANT_CONVERSION = YES;
				CLANG_WARN_DEPRECATED_OBJC_IMPLEMENTATIONS = YES;
				CLANG_WARN_DIRECT_OBJC_ISA_USAGE = YES_ERROR;
				CLANG_WARN_DOCUMENTATION_COMMENTS = YES;
				CLANG_WARN_EMPTY_BODY = YES;
				CLANG_WARN_ENUM_CONVERSION = YES;
				CLANG_WARN_INFINITE_RECURSION = YES;
				CLANG_WARN_INT_CONVERSION = YES;
				CLANG_WARN_NON_LITERAL_NULL_CONVERSION = YES;
				CLANG_WARN_OBJC_IMPLICIT_RETAIN_SELF = YES;
				CLANG_WARN_OBJC_LITERAL_CONVERSION = YES;
				CLANG_WARN_OBJC_ROOT_CLASS = YES_ERROR;
				CLANG_WARN_RANGE_LOOP_ANALYSIS = YES;
				CLANG_WARN_STRICT_PROTOTYPES = YES;
				CLANG_WARN_SUSPICIOUS_MOVE = YES;
				CLANG_WARN_UNGUARDED_AVAILABILITY = YES_AGGRESSIVE;
				CLANG_WARN_UNREACHABLE_CODE = YES;
				CLANG_WARN__DUPLICATE_METHOD_MATCH = YES;
				CODE_SIGN_IDENTITY = "iPhone Developer";
				COPY_PHASE_STRIP = NO;
				DEBUG_INFORMATION_FORMAT = dwarf;
				ENABLE_STRICT_OBJC_MSGSEND = YES;
				ENABLE_TESTABILITY = YES;
				GCC_C_LANGUAGE_STANDARD = gnu11;
				GCC_DYNAMIC_NO_PIC = NO;
				GCC_NO_COMMON_BLOCKS = YES;
				GCC_OPTIMIZATION_LEVEL = 0;
				GCC_PREPROCESSOR_DEFINITIONS = (
					"DEBUG=1",
					"$(inherited)",
				);
				GCC_WARN_64_TO_32_BIT_CONVERSION = YES;
				GCC_WARN_ABOUT_RETURN_TYPE = YES_ERROR;
				GCC_WARN_UNDECLARED_SELECTOR = YES;
				GCC_WARN_UNINITIALIZED_AUTOS = YES_AGGRESSIVE;
				GCC_WARN_UNUSED_FUNCTION = YES;
				GCC_WARN_UNUSED_VARIABLE = YES;
				IPHONEOS_DEPLOYMENT_TARGET = 11.3;
				MTL_ENABLE_DEBUG_INFO = YES;
				ONLY_ACTIVE_ARCH = YES;
				SDKROOT = iphoneos;
			};
			name = Debug;
		};
		03AAF33920CE623A006B0DE7 /* Release */ = {
			isa = XCBuildConfiguration;
			buildSettings = {
				ALWAYS_SEARCH_USER_PATHS = NO;
				CLANG_ANALYZER_NONNULL = YES;
				CLANG_ANALYZER_NUMBER_OBJECT_CONVERSION = YES_AGGRESSIVE;
				CLANG_CXX_LANGUAGE_STANDARD = "gnu++14";
				CLANG_CXX_LIBRARY = "libc++";
				CLANG_ENABLE_MODULES = YES;
				CLANG_ENABLE_OBJC_ARC = YES;
				CLANG_ENABLE_OBJC_WEAK = YES;
				CLANG_WARN_BLOCK_CAPTURE_AUTORELEASING = YES;
				CLANG_WARN_BOOL_CONVERSION = YES;
				CLANG_WARN_COMMA = YES;
				CLANG_WARN_CONSTANT_CONVERSION = YES;
				CLANG_WARN_DEPRECATED_OBJC_IMPLEMENTATIONS = YES;
				CLANG_WARN_DIRECT_OBJC_ISA_USAGE = YES_ERROR;
				CLANG_WARN_DOCUMENTATION_COMMENTS = YES;
				CLANG_WARN_EMPTY_BODY = YES;
				CLANG_WARN_ENUM_CONVERSION = YES;
				CLANG_WARN_INFINITE_RECURSION = YES;
				CLANG_WARN_INT_CONVERSION = YES;
				CLANG_WARN_NON_LITERAL_NULL_CONVERSION = YES;
				CLANG_WARN_OBJC_IMPLICIT_RETAIN_SELF = YES;
				CLANG_WARN_OBJC_LITERAL_CONVERSION = YES;
				CLANG_WARN_OBJC_ROOT_CLASS = YES_ERROR;
				CLANG_WARN_RANGE_LOOP_ANALYSIS = YES;
				CLANG_WARN_STRICT_PROTOTYPES = YES;
				CLANG_WARN_SUSPICIOUS_MOVE = YES;
				CLANG_WARN_UNGUARDED_AVAILABILITY = YES_AGGRESSIVE;
				CLANG_WARN_UNREACHABLE_CODE = YES;
				CLANG_WARN__DUPLICATE_METHOD_MATCH = YES;
				CODE_SIGN_IDENTITY = "iPhone Developer";
				COPY_PHASE_STRIP = NO;
				DEBUG_INFORMATION_FORMAT = "dwarf-with-dsym";
				ENABLE_NS_ASSERTIONS = NO;
				ENABLE_STRICT_OBJC_MSGSEND = YES;
				GCC_C_LANGUAGE_STANDARD = gnu11;
				GCC_NO_COMMON_BLOCKS = YES;
				GCC_WARN_64_TO_32_BIT_CONVERSION = YES;
				GCC_WARN_ABOUT_RETURN_TYPE = YES_ERROR;
				GCC_WARN_UNDECLARED_SELECTOR = YES;
				GCC_WARN_UNINITIALIZED_AUTOS = YES_AGGRESSIVE;
				GCC_WARN_UNUSED_FUNCTION = YES;
				GCC_WARN_UNUSED_VARIABLE = YES;
				IPHONEOS_DEPLOYMENT_TARGET = 11.3;
				MTL_ENABLE_DEBUG_INFO = NO;
				SDKROOT = iphoneos;
				VALIDATE_PRODUCT = YES;
			};
			name = Release;
		};
		03AAF33B20CE623A006B0DE7 /* Debug */ = {
			isa = XCBuildConfiguration;
			buildSettings = {
				ASSETCATALOG_COMPILER_APPICON_NAME = AppIcon;
				CODE_SIGN_STYLE = Automatic;
				DEVELOPMENT_TEAM = HWZH7TV284;
				INFOPLIST_FILE = "ZSMenuView-master/Info.plist";
				IPHONEOS_DEPLOYMENT_TARGET = 9.0;
				LD_RUNPATH_SEARCH_PATHS = (
					"$(inherited)",
					"@executable_path/Frameworks",
				);
				PRODUCT_BUNDLE_IDENTIFIER = "com.pengpai.ZSMenuView-master";
				PRODUCT_NAME = "$(TARGET_NAME)";
				TARGETED_DEVICE_FAMILY = "1,2";
			};
			name = Debug;
		};
		03AAF33C20CE623A006B0DE7 /* Release */ = {
			isa = XCBuildConfiguration;
			buildSettings = {
				ASSETCATALOG_COMPILER_APPICON_NAME = AppIcon;
				CODE_SIGN_STYLE = Automatic;
				DEVELOPMENT_TEAM = HWZH7TV284;
				INFOPLIST_FILE = "ZSMenuView-master/Info.plist";
				IPHONEOS_DEPLOYMENT_TARGET = 9.0;
				LD_RUNPATH_SEARCH_PATHS = (
					"$(inherited)",
					"@executable_path/Frameworks",
				);
				PRODUCT_BUNDLE_IDENTIFIER = "com.pengpai.ZSMenuView-master";
				PRODUCT_NAME = "$(TARGET_NAME)";
				TARGETED_DEVICE_FAMILY = "1,2";
			};
			name = Release;
		};
/* End XCBuildConfiguration section */

/* Begin XCConfigurationList section */
		03AAF31F20CE6238006B0DE7 /* Build configuration list for PBXProject "ZSMenuView-master" */ = {
			isa = XCConfigurationList;
			buildConfigurations = (
				03AAF33820CE623A006B0DE7 /* Debug */,
				03AAF33920CE623A006B0DE7 /* Release */,
			);
			defaultConfigurationIsVisible = 0;
			defaultConfigurationName = Release;
		};
		03AAF33A20CE623A006B0DE7 /* Build configuration list for PBXNativeTarget "ZSMenuView-master" */ = {
			isa = XCConfigurationList;
			buildConfigurations = (
				03AAF33B20CE623A006B0DE7 /* Debug */,
				03AAF33C20CE623A006B0DE7 /* Release */,
			);
			defaultConfigurationIsVisible = 0;
			defaultConfigurationName = Release;
		};
/* End XCConfigurationList section */
	};
	rootObject = 03AAF31C20CE6238006B0DE7 /* Project object */;
}
